golang.org/x/tools v0.0.0-20181006002542-f60d9635b16a h1:2clmXmw4YommCu+v1MdCr87N191PLYU6hJ0m74ZFiCo=
golang.org/x/tools v0.0.0-20181006002542-f60d9635b16a/go.mod h1:n7NCudcB/nEzxVGmLbDWY5pfWTLqBcC2KZ6jyYvM4mQ=
golang.org/x/tools v0.0.0-20181009034425-a2b3f7f249e9/go.mod h1:n7NCudcB/nEzxVGmLbDWY5pfWTLqBcC2KZ6jyYvM4mQ=
